
Microsoft Visual Studio Solution File, Format Version 12.00
# Visual Studio Version 17
VisualStudioVersion = 17.11.35327.3
MinimumVisualStudioVersion = 10.0.40219.1
Project("{2150E333-8FDC-42A3-9474-1A3956D46DE8}") = "src", "src", "{EB362616-53B3-459F-A945-842549B44FF5}"
EndProject
Project("{2150E333-8FDC-42A3-9474-1A3956D46DE8}") = "demo", "demo", "{4EF923BF-C8CF-477F-9896-F71E31D25F07}"
EndProject
Project("{FAE04EC0-301F-11D3-BF4B-00C04F79EFBC}") = "DemoApp", "DemoApp\DemoApp.csproj", "{84AE3EB1-2ED6-4761-9034-5CB2F4047DA6}"
EndProject
Project("{FAE04EC0-301F-11D3-BF4B-00C04F79EFBC}") = "Masasamjant.Claiming.EntityFramework", "Masasamjant.Claiming.EntityFramework\Masasamjant.Claiming.EntityFramework.csproj", "{90D4E096-586C-45C0-928C-7E468911FE6A}"
EndProject
Project("{FAE04EC0-301F-11D3-BF4B-00C04F79EFBC}") = "Masasamjant.Claiming.App", "Masasamjant.Claiming.App\Masasamjant.Claiming.App.csproj", "{1750C97C-CC4B-4C12-AEA7-31E1954D812D}"
EndProject
Project("{FAE04EC0-301F-11D3-BF4B-00C04F79EFBC}") = "Masasamjant.Claiming", "Masasamjant.Claiming\Masasamjant.Claiming.csproj", "{EF5E3C75-C775-401F-AD83-8A921957D6E3}"
EndProject
Project("{FAE04EC0-301F-11D3-BF4B-00C04F79EFBC}") = "Masasamjant.Claiming.Extensions", "Masasamjant.Claiming.Extensions\Masasamjant.Claiming.Extensions.csproj", "{35BC8C5C-B7BF-4F3C-B495-D3B148DDC890}"
EndProject
Project("{FAE04EC0-301F-11D3-BF4B-00C04F79EFBC}") = "Masasamjant.Claiming.Http", "Masasamjant.Claiming.Http\Masasamjant.Claiming.Http.csproj", "{83A192C6-011C-4E0E-BC50-EA8765CC77D8}"
EndProject
Project("{FAE04EC0-301F-11D3-BF4B-00C04F79EFBC}") = "Masasamjant.Claiming.Memory", "Masasamjant.Claiming.Memory\Masasamjant.Claiming.Memory.csproj", "{95EE9050-FBFE-4911-AC66-CA95B10E15AB}"
EndProject
Global
	GlobalSection(SolutionConfigurationPlatforms) = preSolution
		Debug|Any CPU = Debug|Any CPU
		Release|Any CPU = Release|Any CPU
	EndGlobalSection
	GlobalSection(ProjectConfigurationPlatforms) = postSolution
		{84AE3EB1-2ED6-4761-9034-5CB2F4047DA6}.Debug|Any CPU.ActiveCfg = Debug|Any CPU
		{84AE3EB1-2ED6-4761-9034-5CB2F4047DA6}.Debug|Any CPU.Build.0 = Debug|Any CPU
		{84AE3EB1-2ED6-4761-9034-5CB2F4047DA6}.Release|Any CPU.ActiveCfg = Release|Any CPU
		{84AE3EB1-2ED6-4761-9034-5CB2F4047DA6}.Release|Any CPU.Build.0 = Release|Any CPU
		{90D4E096-586C-45C0-928C-7E468911FE6A}.Debug|Any CPU.ActiveCfg = Debug|Any CPU
		{90D4E096-586C-45C0-928C-7E468911FE6A}.Debug|Any CPU.Build.0 = Debug|Any CPU
		{90D4E096-586C-45C0-928C-7E468911FE6A}.Release|Any CPU.ActiveCfg = Release|Any CPU
		{90D4E096-586C-45C0-928C-7E468911FE6A}.Release|Any CPU.Build.0 = Release|Any CPU
		{1750C97C-CC4B-4C12-AEA7-31E1954D812D}.Debug|Any CPU.ActiveCfg = Debug|Any CPU
		{1750C97C-CC4B-4C12-AEA7-31E1954D812D}.Debug|Any CPU.Build.0 = Debug|Any CPU
		{1750C97C-CC4B-4C12-AEA7-31E1954D812D}.Release|Any CPU.ActiveCfg = Release|Any CPU
		{1750C97C-CC4B-4C12-AEA7-31E1954D812D}.Release|Any CPU.Build.0 = Release|Any CPU
		{EF5E3C75-C775-401F-AD83-8A921957D6E3}.Debug|Any CPU.ActiveCfg = Debug|Any CPU
		{EF5E3C75-C775-401F-AD83-8A921957D6E3}.Debug|Any CPU.Build.0 = Debug|Any CPU
		{EF5E3C75-C775-401F-AD83-8A921957D6E3}.Release|Any CPU.ActiveCfg = Release|Any CPU
		{EF5E3C75-C775-401F-AD83-8A921957D6E3}.Release|Any CPU.Build.0 = Release|Any CPU
		{35BC8C5C-B7BF-4F3C-B495-D3B148DDC890}.Debug|Any CPU.ActiveCfg = Debug|Any CPU
		{35BC8C5C-B7BF-4F3C-B495-D3B148DDC890}.Debug|Any CPU.Build.0 = Debug|Any CPU
		{35BC8C5C-B7BF-4F3C-B495-D3B148DDC890}.Release|Any CPU.ActiveCfg = Release|Any CPU
		{35BC8C5C-B7BF-4F3C-B495-D3B148DDC890}.Release|Any CPU.Build.0 = Release|Any CPU
		{83A192C6-011C-4E0E-BC50-EA8765CC77D8}.Debug|Any CPU.ActiveCfg = Debug|Any CPU
		{83A192C6-011C-4E0E-BC50-EA8765CC77D8}.Debug|Any CPU.Build.0 = Debug|Any CPU
		{83A192C6-011C-4E0E-BC50-EA8765CC77D8}.Release|Any CPU.ActiveCfg = Release|Any CPU
		{83A192C6-011C-4E0E-BC50-EA8765CC77D8}.Release|Any CPU.Build.0 = Release|Any CPU
		{95EE9050-FBFE-4911-AC66-CA95B10E15AB}.Debug|Any CPU.ActiveCfg = Debug|Any CPU
		{95EE9050-FBFE-4911-AC66-CA95B10E15AB}.Debug|Any CPU.Build.0 = Debug|Any CPU
		{95EE9050-FBFE-4911-AC66-CA95B10E15AB}.Release|Any CPU.ActiveCfg = Release|Any CPU
		{95EE9050-FBFE-4911-AC66-CA95B10E15AB}.Release|Any CPU.Build.0 = Release|Any CPU
	EndGlobalSection
	GlobalSection(SolutionProperties) = preSolution
		HideSolutionNode = FALSE
	EndGlobalSection
	GlobalSection(NestedProjects) = preSolution
		{84AE3EB1-2ED6-4761-9034-5CB2F4047DA6} = {4EF923BF-C8CF-477F-9896-F71E31D25F07}
		{90D4E096-586C-45C0-928C-7E468911FE6A} = {EB362616-53B3-459F-A945-842549B44FF5}
		{1750C97C-CC4B-4C12-AEA7-31E1954D812D} = {EB362616-53B3-459F-A945-842549B44FF5}
		{EF5E3C75-C775-401F-AD83-8A921957D6E3} = {EB362616-53B3-459F-A945-842549B44FF5}
		{35BC8C5C-B7BF-4F3C-B495-D3B148DDC890} = {EB362616-53B3-459F-A945-842549B44FF5}
		{83A192C6-011C-4E0E-BC50-EA8765CC77D8} = {EB362616-53B3-459F-A945-842549B44FF5}
		{95EE9050-FBFE-4911-AC66-CA95B10E15AB} = {EB362616-53B3-459F-A945-842549B44FF5}
	EndGlobalSection
	GlobalSection(ExtensibilityGlobals) = postSolution
		SolutionGuid = {6BE458A5-7275-4BAF-BE23-E5A7AA9C705F}
	EndGlobalSection
EndGlobal
